
Microsoft Visual Studio Solution File, Format Version 12.00
# Visual Studio Version 16
VisualStudioVersion = 16.0.31019.35
MinimumVisualStudioVersion = 10.0.40219.1
Project("{8BC9CEB8-8B4A-11D0-8D11-00A0C91BC942}") = "ComputeShaders", "ComputeShaders\ComputeShaders.vcxproj", "{DF236D38-E7AF-4E3E-92F6-A1A2FCD382C2}"
EndProject
Global
	GlobalSection(SolutionConfigurationPlatforms) = preSolution
		Debug|x64 = Debug|x64
		Debug|x86 = Debug|x86
		Release|x64 = Release|x64
		Release|x86 = Release|x86
	EndGlobalSection
	GlobalSection(ProjectConfigurationPlatforms) = postSolution
		{DF236D38-E7AF-4E3E-92F6-A1A2FCD382C2}.Debug|x64.ActiveCfg = Debug|x64
		{DF236D38-E7AF-4E3E-92F6-A1A2FCD382C2}.Debug|x64.Build.0 = Debug|x64
		{DF236D38-E7AF-4E3E-92F6-A1A2FCD382C2}.Debug|x86.ActiveCfg = Debug|Win32
		{DF236D38-E7AF-4E3E-92F6-A1A2FCD382C2}.Debug|x86.Build.0 = Debug|Win32
		{DF236D38-E7AF-4E3E-92F6-A1A2FCD382C2}.Release|x64.ActiveCfg = Release|x64
		{DF236D38-E7AF-4E3E-92F6-A1A2FCD382C2}.Release|x64.Build.0 = Release|x64
		{DF236D38-E7AF-4E3E-92F6-A1A2FCD382C2}.Release|x86.ActiveCfg = Release|Win32
		{DF236D38-E7AF-4E3E-92F6-A1A2FCD382C2}.Release|x86.Build.0 = Release|Win32
	EndGlobalSection
	GlobalSection(SolutionProperties) = preSolution
		HideSolutionNode = FALSE
	EndGlobalSection
	GlobalSection(ExtensibilityGlobals) = postSolution
		SolutionGuid = {985A1F9A-9DDD-4744-98CC-61244C94D25D}
	EndGlobalSection
EndGlobal
